
Microsoft Visual Studio Solution File, Format Version 12.00
# Visual Studio 15
VisualStudioVersion = 15.0.27130.2027
MinimumVisualStudioVersion = 10.0.40219.1
Project("{F2A71F9B-5D33-465A-A702-920D77279786}") = "Parser", "Parser\Parser.fsproj", "{E273DB40-799E-44A9-8D73-602698E15E7C}"
EndProject
Project("{F2A71F9B-5D33-465A-A702-920D77279786}") = "Parser.Tests.xunit", "Parser.Tests.xunit\Parser.Tests.xunit.fsproj", "{0B6616D9-A031-4826-B6F9-5BAD08196157}"
EndProject
Project("{F2A71F9B-5D33-465A-A702-920D77279786}") = "Parser.performance", "Parser.performance\Parser.performance.fsproj", "{95D1E6BD-D5D1-4653-9E2B-00B544084A21}"
EndProject
Global
	GlobalSection(SolutionConfigurationPlatforms) = preSolution
		Debug|Any CPU = Debug|Any CPU
		Release|Any CPU = Release|Any CPU
	EndGlobalSection
	GlobalSection(ProjectConfigurationPlatforms) = postSolution
		{E273DB40-799E-44A9-8D73-602698E15E7C}.Debug|Any CPU.ActiveCfg = Debug|Any CPU
		{E273DB40-799E-44A9-8D73-602698E15E7C}.Debug|Any CPU.Build.0 = Debug|Any CPU
		{E273DB40-799E-44A9-8D73-602698E15E7C}.Release|Any CPU.ActiveCfg = Release|Any CPU
		{E273DB40-799E-44A9-8D73-602698E15E7C}.Release|Any CPU.Build.0 = Release|Any CPU
		{0B6616D9-A031-4826-B6F9-5BAD08196157}.Debug|Any CPU.ActiveCfg = Debug|Any CPU
		{0B6616D9-A031-4826-B6F9-5BAD08196157}.Debug|Any CPU.Build.0 = Debug|Any CPU
		{0B6616D9-A031-4826-B6F9-5BAD08196157}.Release|Any CPU.ActiveCfg = Release|Any CPU
		{0B6616D9-A031-4826-B6F9-5BAD08196157}.Release|Any CPU.Build.0 = Release|Any CPU
		{95D1E6BD-D5D1-4653-9E2B-00B544084A21}.Debug|Any CPU.ActiveCfg = Debug|Any CPU
		{95D1E6BD-D5D1-4653-9E2B-00B544084A21}.Debug|Any CPU.Build.0 = Debug|Any CPU
		{95D1E6BD-D5D1-4653-9E2B-00B544084A21}.Release|Any CPU.ActiveCfg = Release|Any CPU
		{95D1E6BD-D5D1-4653-9E2B-00B544084A21}.Release|Any CPU.Build.0 = Release|Any CPU
	EndGlobalSection
	GlobalSection(SolutionProperties) = preSolution
		HideSolutionNode = FALSE
	EndGlobalSection
	GlobalSection(ExtensibilityGlobals) = postSolution
		SolutionGuid = {CE0415DE-6021-4B20-BFED-2BC32AA9635E}
	EndGlobalSection
EndGlobal
