
Microsoft Visual Studio Solution File, Format Version 12.00
# Visual Studio 15
VisualStudioVersion = 15.0.27130.2036
MinimumVisualStudioVersion = 10.0.40219.1
Project("{F2A71F9B-5D33-465A-A702-920D77279786}") = "Parser", "Parser\Parser.fsproj", "{E273DB40-799E-44A9-8D73-602698E15E7C}"
EndProject
Project("{F2A71F9B-5D33-465A-A702-920D77279786}") = "Parser.Tests.xunit", "Parser.Tests.xunit\Parser.Tests.xunit.fsproj", "{0B6616D9-A031-4826-B6F9-5BAD08196157}"
EndProject
Project("{F2A71F9B-5D33-465A-A702-920D77279786}") = "Parser.performance", "Parser.performance\Parser.performance.fsproj", "{95D1E6BD-D5D1-4653-9E2B-00B544084A21}"
EndProject
Project("{2150E333-8FDC-42A3-9474-1A3956D46DE8}") = "Samples", "Samples", "{77A6A766-2DE3-4494-A78A-5143C45B7A5C}"
EndProject
Project("{2150E333-8FDC-42A3-9474-1A3956D46DE8}") = "RFC7950", "RFC7950", "{593B96D9-1C12-4EBB-80F5-3D50ACAA40B3}"
	ProjectSection(SolutionItems) = preProject
		Examples\RFC7950\example-4.2.2.1.yang-partial = Examples\RFC7950\example-4.2.2.1.yang-partial
		Examples\RFC7950\example-4.2.2.3.yang-partial = Examples\RFC7950\example-4.2.2.3.yang-partial
		Examples\RFC7950\example-system.yang = Examples\RFC7950\example-system.yang
	EndProjectSection
EndProject
Project("{F2A71F9B-5D33-465A-A702-920D77279786}") = "Generator", "Generator\Generator.fsproj", "{7C27E787-3EE2-450B-BFE9-06999E5131C2}"
EndProject
Project("{F2A71F9B-5D33-465A-A702-920D77279786}") = "Model", "Model\Model.fsproj", "{7EF9ECD7-2DB7-482D-9CFE-CF705B6B31C2}"
EndProject
Project("{F2A71F9B-5D33-465A-A702-920D77279786}") = "Model.Tests.xunit", "Model.Tests.xunit\Model.Tests.xunit.fsproj", "{5B071A6F-FE5F-45E5-8AE8-B72A89D7CC9D}"
EndProject
Global
	GlobalSection(SolutionConfigurationPlatforms) = preSolution
		Debug|Any CPU = Debug|Any CPU
		Release|Any CPU = Release|Any CPU
	EndGlobalSection
	GlobalSection(ProjectConfigurationPlatforms) = postSolution
		{E273DB40-799E-44A9-8D73-602698E15E7C}.Debug|Any CPU.ActiveCfg = Debug|Any CPU
		{E273DB40-799E-44A9-8D73-602698E15E7C}.Debug|Any CPU.Build.0 = Debug|Any CPU
		{E273DB40-799E-44A9-8D73-602698E15E7C}.Release|Any CPU.ActiveCfg = Release|Any CPU
		{E273DB40-799E-44A9-8D73-602698E15E7C}.Release|Any CPU.Build.0 = Release|Any CPU
		{0B6616D9-A031-4826-B6F9-5BAD08196157}.Debug|Any CPU.ActiveCfg = Debug|Any CPU
		{0B6616D9-A031-4826-B6F9-5BAD08196157}.Debug|Any CPU.Build.0 = Debug|Any CPU
		{0B6616D9-A031-4826-B6F9-5BAD08196157}.Release|Any CPU.ActiveCfg = Release|Any CPU
		{0B6616D9-A031-4826-B6F9-5BAD08196157}.Release|Any CPU.Build.0 = Release|Any CPU
		{95D1E6BD-D5D1-4653-9E2B-00B544084A21}.Debug|Any CPU.ActiveCfg = Debug|Any CPU
		{95D1E6BD-D5D1-4653-9E2B-00B544084A21}.Debug|Any CPU.Build.0 = Debug|Any CPU
		{95D1E6BD-D5D1-4653-9E2B-00B544084A21}.Release|Any CPU.ActiveCfg = Release|Any CPU
		{95D1E6BD-D5D1-4653-9E2B-00B544084A21}.Release|Any CPU.Build.0 = Release|Any CPU
		{7C27E787-3EE2-450B-BFE9-06999E5131C2}.Debug|Any CPU.ActiveCfg = Debug|Any CPU
		{7C27E787-3EE2-450B-BFE9-06999E5131C2}.Debug|Any CPU.Build.0 = Debug|Any CPU
		{7C27E787-3EE2-450B-BFE9-06999E5131C2}.Release|Any CPU.ActiveCfg = Release|Any CPU
		{7C27E787-3EE2-450B-BFE9-06999E5131C2}.Release|Any CPU.Build.0 = Release|Any CPU
		{7EF9ECD7-2DB7-482D-9CFE-CF705B6B31C2}.Debug|Any CPU.ActiveCfg = Debug|Any CPU
		{7EF9ECD7-2DB7-482D-9CFE-CF705B6B31C2}.Debug|Any CPU.Build.0 = Debug|Any CPU
		{7EF9ECD7-2DB7-482D-9CFE-CF705B6B31C2}.Release|Any CPU.ActiveCfg = Release|Any CPU
		{7EF9ECD7-2DB7-482D-9CFE-CF705B6B31C2}.Release|Any CPU.Build.0 = Release|Any CPU
		{5B071A6F-FE5F-45E5-8AE8-B72A89D7CC9D}.Debug|Any CPU.ActiveCfg = Debug|Any CPU
		{5B071A6F-FE5F-45E5-8AE8-B72A89D7CC9D}.Debug|Any CPU.Build.0 = Debug|Any CPU
		{5B071A6F-FE5F-45E5-8AE8-B72A89D7CC9D}.Release|Any CPU.ActiveCfg = Release|Any CPU
		{5B071A6F-FE5F-45E5-8AE8-B72A89D7CC9D}.Release|Any CPU.Build.0 = Release|Any CPU
	EndGlobalSection
	GlobalSection(SolutionProperties) = preSolution
		HideSolutionNode = FALSE
	EndGlobalSection
	GlobalSection(NestedProjects) = preSolution
		{593B96D9-1C12-4EBB-80F5-3D50ACAA40B3} = {77A6A766-2DE3-4494-A78A-5143C45B7A5C}
	EndGlobalSection
	GlobalSection(ExtensibilityGlobals) = postSolution
		SolutionGuid = {CE0415DE-6021-4B20-BFED-2BC32AA9635E}
	EndGlobalSection
EndGlobal
