
Microsoft Visual Studio Solution File, Format Version 12.00
# Visual Studio Version 17
VisualStudioVersion = 17.0.31903.59
MinimumVisualStudioVersion = 10.0.40219.1
Project("{2150E333-8FDC-42A3-9474-1A3956D46DE8}") = "src", "src", "{119208D7-832F-4642-B11F-2924169532EF}"
EndProject
Project("{2150E333-8FDC-42A3-9474-1A3956D46DE8}") = "YANG", "YANG", "{A1130346-75EE-4AF6-BC77-6F35E57C7F32}"
EndProject
Project("{F2A71F9B-5D33-465A-A702-920D77279786}") = "parser-net8.0", "src\YANG\Parser\parser-net8.0.fsproj", "{F370CEB2-D68F-4C7F-BEED-0AF804B9ADEE}"
EndProject
Project("{F2A71F9B-5D33-465A-A702-920D77279786}") = "model-net8.0", "src\YANG\Model\model-net8.0.fsproj", "{C11B52BD-DF74-4F58-B19F-6663B3AB6D80}"
EndProject
Project("{F2A71F9B-5D33-465A-A702-920D77279786}") = "xsd-net8.0", "src\YANG\XSD\xsd-net8.0.fsproj", "{94847464-3173-4A85-A63A-625A67185AFE}"
EndProject
Global
	GlobalSection(SolutionConfigurationPlatforms) = preSolution
		Debug|Any CPU = Debug|Any CPU
		Release|Any CPU = Release|Any CPU
	EndGlobalSection
	GlobalSection(SolutionProperties) = preSolution
		HideSolutionNode = FALSE
	EndGlobalSection
	GlobalSection(ProjectConfigurationPlatforms) = postSolution
		{F370CEB2-D68F-4C7F-BEED-0AF804B9ADEE}.Debug|Any CPU.ActiveCfg = Debug|Any CPU
		{F370CEB2-D68F-4C7F-BEED-0AF804B9ADEE}.Debug|Any CPU.Build.0 = Debug|Any CPU
		{F370CEB2-D68F-4C7F-BEED-0AF804B9ADEE}.Release|Any CPU.ActiveCfg = Release|Any CPU
		{F370CEB2-D68F-4C7F-BEED-0AF804B9ADEE}.Release|Any CPU.Build.0 = Release|Any CPU
		{C11B52BD-DF74-4F58-B19F-6663B3AB6D80}.Debug|Any CPU.ActiveCfg = Debug|Any CPU
		{C11B52BD-DF74-4F58-B19F-6663B3AB6D80}.Debug|Any CPU.Build.0 = Debug|Any CPU
		{C11B52BD-DF74-4F58-B19F-6663B3AB6D80}.Release|Any CPU.ActiveCfg = Release|Any CPU
		{C11B52BD-DF74-4F58-B19F-6663B3AB6D80}.Release|Any CPU.Build.0 = Release|Any CPU
		{94847464-3173-4A85-A63A-625A67185AFE}.Debug|Any CPU.ActiveCfg = Debug|Any CPU
		{94847464-3173-4A85-A63A-625A67185AFE}.Debug|Any CPU.Build.0 = Debug|Any CPU
		{94847464-3173-4A85-A63A-625A67185AFE}.Release|Any CPU.ActiveCfg = Release|Any CPU
		{94847464-3173-4A85-A63A-625A67185AFE}.Release|Any CPU.Build.0 = Release|Any CPU
	EndGlobalSection
	GlobalSection(NestedProjects) = preSolution
		{A1130346-75EE-4AF6-BC77-6F35E57C7F32} = {119208D7-832F-4642-B11F-2924169532EF}
		{F370CEB2-D68F-4C7F-BEED-0AF804B9ADEE} = {A1130346-75EE-4AF6-BC77-6F35E57C7F32}
		{C11B52BD-DF74-4F58-B19F-6663B3AB6D80} = {A1130346-75EE-4AF6-BC77-6F35E57C7F32}
		{94847464-3173-4A85-A63A-625A67185AFE} = {A1130346-75EE-4AF6-BC77-6F35E57C7F32}
	EndGlobalSection
EndGlobal
