
Microsoft Visual Studio Solution File, Format Version 12.00
# Visual Studio 15
VisualStudioVersion = 15.0.27130.2036
MinimumVisualStudioVersion = 10.0.40219.1
Project("{F2A71F9B-5D33-465A-A702-920D77279786}") = "Bridge", "Bridge\Bridge.fsproj", "{9283B204-628B-4B96-8F93-3A2A9BE62F4B}"
EndProject
Project("{9A19103F-16F7-4668-BE54-9A1E7A4F7556}") = "RFC7950ConsoleTests", "RFC7950ConsoleTests\RFC7950ConsoleTests.csproj", "{AF0B2345-18CF-4B05-AE63-914D7AED385D}"
EndProject
Project("{FAE04EC0-301F-11D3-BF4B-00C04F79EFBC}") = "RFC7950DesktopTests", "RFC7950DesktopTests\RFC7950DesktopTests.csproj", "{100D3E85-9EAC-4312-99C9-8AF6EED3FBC2}"
EndProject
Global
	GlobalSection(SolutionConfigurationPlatforms) = preSolution
		Debug|Any CPU = Debug|Any CPU
		Release|Any CPU = Release|Any CPU
	EndGlobalSection
	GlobalSection(ProjectConfigurationPlatforms) = postSolution
		{9283B204-628B-4B96-8F93-3A2A9BE62F4B}.Debug|Any CPU.ActiveCfg = Debug|Any CPU
		{9283B204-628B-4B96-8F93-3A2A9BE62F4B}.Debug|Any CPU.Build.0 = Debug|Any CPU
		{9283B204-628B-4B96-8F93-3A2A9BE62F4B}.Release|Any CPU.ActiveCfg = Release|Any CPU
		{9283B204-628B-4B96-8F93-3A2A9BE62F4B}.Release|Any CPU.Build.0 = Release|Any CPU
		{AF0B2345-18CF-4B05-AE63-914D7AED385D}.Debug|Any CPU.ActiveCfg = Debug|Any CPU
		{AF0B2345-18CF-4B05-AE63-914D7AED385D}.Debug|Any CPU.Build.0 = Debug|Any CPU
		{AF0B2345-18CF-4B05-AE63-914D7AED385D}.Release|Any CPU.ActiveCfg = Release|Any CPU
		{AF0B2345-18CF-4B05-AE63-914D7AED385D}.Release|Any CPU.Build.0 = Release|Any CPU
		{100D3E85-9EAC-4312-99C9-8AF6EED3FBC2}.Debug|Any CPU.ActiveCfg = Debug|Any CPU
		{100D3E85-9EAC-4312-99C9-8AF6EED3FBC2}.Debug|Any CPU.Build.0 = Debug|Any CPU
		{100D3E85-9EAC-4312-99C9-8AF6EED3FBC2}.Release|Any CPU.ActiveCfg = Release|Any CPU
		{100D3E85-9EAC-4312-99C9-8AF6EED3FBC2}.Release|Any CPU.Build.0 = Release|Any CPU
	EndGlobalSection
	GlobalSection(SolutionProperties) = preSolution
		HideSolutionNode = FALSE
	EndGlobalSection
	GlobalSection(ExtensibilityGlobals) = postSolution
		SolutionGuid = {D9D3DD1D-0B34-4005-BA36-A5DE4F19D61D}
	EndGlobalSection
EndGlobal
